{
  "name": "MyWebStart",
  "lockfileVersion": 3,
  "requires": true,
  "packages": {
    "": {
      "dependencies": {
        "@angular/platform-browser": "^15.0.4",
        "@types/node": "^18.11.18",
        "ngx-highlightjs": "^7.0.1"
      }
    },
    "node_modules/@angular/common": {
      "version": "15.0.4",
      "resolved": "https://registry.npmjs.org/@angular/common/-/common-15.0.4.tgz",
      "integrity": "sha512-0x/2IhaetJqfXMeQ4DlRnOTzGWD0OvOeKORyi0q7WXPxSoD9MUezQHGmzkc5lK9tDYE9cNYyQfkUBcbJT/k6MA==",
      "peer": true,
      "dependencies": {
        "tslib": "^2.3.0"
      },
      "engines": {
        "node": "^14.20.0 || ^16.13.0 || >=18.10.0"
      },
      "peerDependencies": {
        "@angular/core": "15.0.4",
        "rxjs": "^6.5.3 || ^7.4.0"
      }
    },
    "node_modules/@angular/core": {
      "version": "15.0.4",
      "resolved": "https://registry.npmjs.org/@angular/core/-/core-15.0.4.tgz",
      "integrity": "sha512-Xf8Nuu0iM/VjQHPS4A0jufqTYZCfiGqc0iAD7j9zM3TD6caQ3OP4mxXVYYTpIG+APKel38+Gol8cpQB/8PVbqQ==",
      "peer": true,
      "dependencies": {
        "tslib": "^2.3.0"
      },
      "engines": {
        "node": "^14.20.0 || ^16.13.0 || >=18.10.0"
      },
      "peerDependencies": {
        "rxjs": "^6.5.3 || ^7.4.0",
        "zone.js": "~0.11.4 || ~0.12.0"
      }
    },
    "node_modules/@angular/platform-browser": {
      "version": "15.0.4",
      "resolved": "https://registry.npmjs.org/@angular/platform-browser/-/platform-browser-15.0.4.tgz",
      "integrity": "sha512-SOLrzh9AsHzhfre95ShvHd0hBcyEcFftJuAaU+35L4GiOAY+CznFuJUq4LjITCMQDHGzdpUlRjoUyJRQFmlvXQ==",
      "dependencies": {
        "tslib": "^2.3.0"
      },
      "engines": {
        "node": "^14.20.0 || ^16.13.0 || >=18.10.0"
      },
      "peerDependencies": {
        "@angular/animations": "15.0.4",
        "@angular/common": "15.0.4",
        "@angular/core": "15.0.4"
      },
      "peerDependenciesMeta": {
        "@angular/animations": {
          "optional": true
        }
      }
    },
    "node_modules/@types/node": {
      "version": "18.11.18",
      "resolved": "https://registry.npmjs.org/@types/node/-/node-18.11.18.tgz",
      "integrity": "sha512-DHQpWGjyQKSHj3ebjFI/wRKcqQcdR+MoFBygntYOZytCqNfkd2ZC4ARDJ2DQqhjH5p85Nnd3jhUJIXrszFX/JA=="
    },
    "node_modules/highlight.js": {
      "version": "11.7.0",
      "resolved": "https://registry.npmjs.org/highlight.js/-/highlight.js-11.7.0.tgz",
      "integrity": "sha512-1rRqesRFhMO/PRF+G86evnyJkCgaZFOI+Z6kdj15TA18funfoqJXvgPCLSf0SWq3SRfg1j3HlDs8o4s3EGq1oQ==",
      "engines": {
        "node": ">=12.0.0"
      }
    },
    "node_modules/highlightjs-line-numbers.js": {
      "version": "2.8.0",
      "resolved": "https://registry.npmjs.org/highlightjs-line-numbers.js/-/highlightjs-line-numbers.js-2.8.0.tgz",
      "integrity": "sha512-TEf1gw0c8mb8nan0QwliqS7obT4cpUd9hzsGzsZLweteNnWea/VIqy5/aQqsa5wnz9lnvmtAkS1ZtDTjB/goYQ=="
    },
    "node_modules/ngx-highlightjs": {
      "version": "7.0.1",
      "resolved": "https://registry.npmjs.org/ngx-highlightjs/-/ngx-highlightjs-7.0.1.tgz",
      "integrity": "sha512-ZmA6RUBRB0tqAlsGYR21kCna9ror51FZwpV7Y94yCuyVv24u5bhg9nfLnFPDBJJ1u1vfNKV1R1TNTXUm/SiRjw==",
      "dependencies": {
        "highlight.js": "^11.5.1",
        "highlightjs-line-numbers.js": "^2.8.0",
        "tslib": "^2.0.0"
      },
      "peerDependencies": {
        "@angular/common": ">=14.0.0",
        "@angular/core": ">=14.0.0",
        "rxjs": ">=6.0.0"
      }
    },
    "node_modules/rxjs": {
      "version": "7.8.0",
      "resolved": "https://registry.npmjs.org/rxjs/-/rxjs-7.8.0.tgz",
      "integrity": "sha512-F2+gxDshqmIub1KdvZkaEfGDwLNpPvk9Fs6LD/MyQxNgMds/WH9OdDDXOmxUZpME+iSK3rQCctkL0DYyytUqMg==",
      "peer": true,
      "dependencies": {
        "tslib": "^2.1.0"
      }
    },
    "node_modules/tslib": {
      "version": "2.4.1",
      "resolved": "https://registry.npmjs.org/tslib/-/tslib-2.4.1.tgz",
      "integrity": "sha512-tGyy4dAjRIEwI7BzsB0lynWgOpfqjUdq91XXAlIWD2OwKBH7oCl/GZG/HT4BOHrTlPMOASlMQ7veyTqpmRcrNA=="
    },
    "node_modules/zone.js": {
      "version": "0.12.0",
      "resolved": "https://registry.npmjs.org/zone.js/-/zone.js-0.12.0.tgz",
      "integrity": "sha512-XtC+I5dXU14HrzidAKBNMqneIVUykLEAA1x+v4KVrd6AUPWlwYORF8KgsVqvgdHiKZ4BkxxjvYi/ksEixTPR0Q==",
      "peer": true,
      "dependencies": {
        "tslib": "^2.3.0"
      }
    }
  }
}
